// !$*UTF8*$!
{
	archiveVersion = 1;
	classes = {
	};
	objectVersion = 56;
	objects = {

/* Begin PBXBuildFile section */
		996FEE492BC3E2E50047EB82 /* DataService.swift in Sources */ = {isa = PBXBuildFile; fileRef = 996FEE482BC3E2E50047EB82 /* DataService.swift */; };
		996FEE562BC917AE0047EB82 /* Alamofire in Frameworks */ = {isa = PBXBuildFile; productRef = 996FEE552BC917AE0047EB82 /* Alamofire */; };
		99AC05A92BB2BCD90046E8C5 /* TouchFishApp.swift in Sources */ = {isa = PBXBuildFile; fileRef = 99AC05A82BB2BCD90046E8C5 /* TouchFishApp.swift */; };
		99AC05AD2BB2BCDA0046E8C5 /* Assets.xcassets in Resources */ = {isa = PBXBuildFile; fileRef = 99AC05AC2BB2BCDA0046E8C5 /* Assets.xcassets */; };
		99AC05B02BB2BCDA0046E8C5 /* Preview Assets.xcassets in Resources */ = {isa = PBXBuildFile; fileRef = 99AC05AF2BB2BCDA0046E8C5 /* Preview Assets.xcassets */; };
		99AC05E12BB2BD720046E8C5 /* AbstractView.swift in Sources */ = {isa = PBXBuildFile; fileRef = 99AC05B82BB2BD710046E8C5 /* AbstractView.swift */; };
		99AC05E22BB2BD720046E8C5 /* MainWindow.swift in Sources */ = {isa = PBXBuildFile; fileRef = 99AC05B92BB2BD710046E8C5 /* MainWindow.swift */; };
		99AC05E32BB2BD720046E8C5 /* Fish.swift in Sources */ = {isa = PBXBuildFile; fileRef = 99AC05BA2BB2BD720046E8C5 /* Fish.swift */; };
		99AC05E42BB2BD720046E8C5 /* FishDetailView.swift in Sources */ = {isa = PBXBuildFile; fileRef = 99AC05BB2BB2BD720046E8C5 /* FishDetailView.swift */; };
		99AC05E52BB2BD720046E8C5 /* FishEditView.swift in Sources */ = {isa = PBXBuildFile; fileRef = 99AC05BC2BB2BD720046E8C5 /* FishEditView.swift */; };
		99AC05E62BB2BD720046E8C5 /* FishFilterView.swift in Sources */ = {isa = PBXBuildFile; fileRef = 99AC05BD2BB2BD720046E8C5 /* FishFilterView.swift */; };
		99AC05E72BB2BD720046E8C5 /* FishListItemView.swift in Sources */ = {isa = PBXBuildFile; fileRef = 99AC05BE2BB2BD720046E8C5 /* FishListItemView.swift */; };
		99AC05E82BB2BD720046E8C5 /* FishListView.swift in Sources */ = {isa = PBXBuildFile; fileRef = 99AC05BF2BB2BD720046E8C5 /* FishListView.swift */; };
		99AC05E92BB2BD720046E8C5 /* FishRepositoryView.swift in Sources */ = {isa = PBXBuildFile; fileRef = 99AC05C02BB2BD720046E8C5 /* FishRepositoryView.swift */; };
		99AC05EA2BB2BD720046E8C5 /* MainView.swift in Sources */ = {isa = PBXBuildFile; fileRef = 99AC05C22BB2BD720046E8C5 /* MainView.swift */; };
		99AC05EB2BB2BD720046E8C5 /* Key.swift in Sources */ = {isa = PBXBuildFile; fileRef = 99AC05C32BB2BD720046E8C5 /* Key.swift */; };
		99AC05EC2BB2BD720046E8C5 /* KeyboardShortcut.swift in Sources */ = {isa = PBXBuildFile; fileRef = 99AC05C42BB2BD720046E8C5 /* KeyboardShortcut.swift */; };
		99AC05ED2BB2BD720046E8C5 /* KeyboardShortcutManager.swift in Sources */ = {isa = PBXBuildFile; fileRef = 99AC05C52BB2BD720046E8C5 /* KeyboardShortcutManager.swift */; };
		99AC05EE2BB2BD720046E8C5 /* KeyboardShortcutModifier.swift in Sources */ = {isa = PBXBuildFile; fileRef = 99AC05C62BB2BD720046E8C5 /* KeyboardShortcutModifier.swift */; };
		99AC05EF2BB2BD720046E8C5 /* KeyEvent.swift in Sources */ = {isa = PBXBuildFile; fileRef = 99AC05C72BB2BD720046E8C5 /* KeyEvent.swift */; };
		99AC05F02BB2BD720046E8C5 /* AppleScript.swift in Sources */ = {isa = PBXBuildFile; fileRef = 99AC05C92BB2BD720046E8C5 /* AppleScript.swift */; };
		99AC05F12BB2BD720046E8C5 /* Cache.swift in Sources */ = {isa = PBXBuildFile; fileRef = 99AC05CA2BB2BD720046E8C5 /* Cache.swift */; };
		99AC05F22BB2BD720046E8C5 /* Configuration.swift in Sources */ = {isa = PBXBuildFile; fileRef = 99AC05CB2BB2BD720046E8C5 /* Configuration.swift */; };
		99AC05F42BB2BD720046E8C5 /* Functions.swift in Sources */ = {isa = PBXBuildFile; fileRef = 99AC05CD2BB2BD720046E8C5 /* Functions.swift */; };
		99AC05F52BB2BD720046E8C5 /* Log.swift in Sources */ = {isa = PBXBuildFile; fileRef = 99AC05CE2BB2BD720046E8C5 /* Log.swift */; };
		99AC05F62BB2BD720046E8C5 /* Monitor.swift in Sources */ = {isa = PBXBuildFile; fileRef = 99AC05CF2BB2BD720046E8C5 /* Monitor.swift */; };
		99AC05F72BB2BD720046E8C5 /* Storage.swift in Sources */ = {isa = PBXBuildFile; fileRef = 99AC05D02BB2BD720046E8C5 /* Storage.swift */; };
		99AC05F82BB2BD720046E8C5 /* CommandBarView.swift in Sources */ = {isa = PBXBuildFile; fileRef = 99AC05D22BB2BD720046E8C5 /* CommandBarView.swift */; };
		99AC05F92BB2BD720046E8C5 /* CommandField.swift in Sources */ = {isa = PBXBuildFile; fileRef = 99AC05D32BB2BD720046E8C5 /* CommandField.swift */; };
		99AC05FA2BB2BD720046E8C5 /* CommandFieldViewController.swift in Sources */ = {isa = PBXBuildFile; fileRef = 99AC05D42BB2BD720046E8C5 /* CommandFieldViewController.swift */; };
		99AC05FB2BB2BD720046E8C5 /* CommandManager.swift in Sources */ = {isa = PBXBuildFile; fileRef = 99AC05D52BB2BD720046E8C5 /* CommandManager.swift */; };
		99AC05FD2BB2BD720046E8C5 /* Recipe.swift in Sources */ = {isa = PBXBuildFile; fileRef = 99AC05D82BB2BD720046E8C5 /* Recipe.swift */; };
		99AC05FE2BB2BD720046E8C5 /* RecipeItemView.swift in Sources */ = {isa = PBXBuildFile; fileRef = 99AC05D92BB2BD720046E8C5 /* RecipeItemView.swift */; };
		99AC05FF2BB2BD720046E8C5 /* RecipeListView.swift in Sources */ = {isa = PBXBuildFile; fileRef = 99AC05DA2BB2BD720046E8C5 /* RecipeListView.swift */; };
		99AC06002BB2BD720046E8C5 /* RecipeView.swift in Sources */ = {isa = PBXBuildFile; fileRef = 99AC05DB2BB2BD720046E8C5 /* RecipeView.swift */; };
		99AC06012BB2BD720046E8C5 /* WebBrowserView.swift in Sources */ = {isa = PBXBuildFile; fileRef = 99AC05DD2BB2BD720046E8C5 /* WebBrowserView.swift */; };
		99AC06022BB2BD720046E8C5 /* StatusBar.swift in Sources */ = {isa = PBXBuildFile; fileRef = 99AC05DF2BB2BD720046E8C5 /* StatusBar.swift */; };
		99AC06052BB2BE440046E8C5 /* AppDelegate.swift in Sources */ = {isa = PBXBuildFile; fileRef = 99AC06042BB2BE440046E8C5 /* AppDelegate.swift */; };
		99AC06082BB2BE930046E8C5 /* Main.storyboard in Resources */ = {isa = PBXBuildFile; fileRef = 99AC06072BB2BE930046E8C5 /* Main.storyboard */; };
		99AC060B2BB413AD0046E8C5 /* SwiftyBeaver in Frameworks */ = {isa = PBXBuildFile; productRef = 99AC060A2BB413AD0046E8C5 /* SwiftyBeaver */; };
		99AC060E2BB413C20046E8C5 /* SQLite in Frameworks */ = {isa = PBXBuildFile; productRef = 99AC060D2BB413C20046E8C5 /* SQLite */; };
		99EF7A282BF3C0EC00675CC2 /* StatsView.swift in Sources */ = {isa = PBXBuildFile; fileRef = 99EF7A272BF3C0EC00675CC2 /* StatsView.swift */; };
/* End PBXBuildFile section */

/* Begin PBXFileReference section */
		996FEE482BC3E2E50047EB82 /* DataService.swift */ = {isa = PBXFileReference; lastKnownFileType = sourcecode.swift; path = DataService.swift; sourceTree = "<group>"; };
		99AC05A52BB2BCD90046E8C5 /* TouchFish.app */ = {isa = PBXFileReference; explicitFileType = wrapper.application; includeInIndex = 0; path = TouchFish.app; sourceTree = BUILT_PRODUCTS_DIR; };
		99AC05A82BB2BCD90046E8C5 /* TouchFishApp.swift */ = {isa = PBXFileReference; lastKnownFileType = sourcecode.swift; path = TouchFishApp.swift; sourceTree = "<group>"; };
		99AC05AC2BB2BCDA0046E8C5 /* Assets.xcassets */ = {isa = PBXFileReference; lastKnownFileType = folder.assetcatalog; path = Assets.xcassets; sourceTree = "<group>"; };
		99AC05AF2BB2BCDA0046E8C5 /* Preview Assets.xcassets */ = {isa = PBXFileReference; lastKnownFileType = folder.assetcatalog; path = "Preview Assets.xcassets"; sourceTree = "<group>"; };
		99AC05B12BB2BCDA0046E8C5 /* TouchFish.entitlements */ = {isa = PBXFileReference; lastKnownFileType = text.plist.entitlements; path = TouchFish.entitlements; sourceTree = "<group>"; };
		99AC05B82BB2BD710046E8C5 /* AbstractView.swift */ = {isa = PBXFileReference; fileEncoding = 4; lastKnownFileType = sourcecode.swift; path = AbstractView.swift; sourceTree = "<group>"; };
		99AC05B92BB2BD710046E8C5 /* MainWindow.swift */ = {isa = PBXFileReference; fileEncoding = 4; lastKnownFileType = sourcecode.swift; path = MainWindow.swift; sourceTree = "<group>"; };
		99AC05BA2BB2BD720046E8C5 /* Fish.swift */ = {isa = PBXFileReference; fileEncoding = 4; lastKnownFileType = sourcecode.swift; path = Fish.swift; sourceTree = "<group>"; };
		99AC05BB2BB2BD720046E8C5 /* FishDetailView.swift */ = {isa = PBXFileReference; fileEncoding = 4; lastKnownFileType = sourcecode.swift; path = FishDetailView.swift; sourceTree = "<group>"; };
		99AC05BC2BB2BD720046E8C5 /* FishEditView.swift */ = {isa = PBXFileReference; fileEncoding = 4; lastKnownFileType = sourcecode.swift; path = FishEditView.swift; sourceTree = "<group>"; };
		99AC05BD2BB2BD720046E8C5 /* FishFilterView.swift */ = {isa = PBXFileReference; fileEncoding = 4; lastKnownFileType = sourcecode.swift; path = FishFilterView.swift; sourceTree = "<group>"; };
		99AC05BE2BB2BD720046E8C5 /* FishListItemView.swift */ = {isa = PBXFileReference; fileEncoding = 4; lastKnownFileType = sourcecode.swift; path = FishListItemView.swift; sourceTree = "<group>"; };
		99AC05BF2BB2BD720046E8C5 /* FishListView.swift */ = {isa = PBXFileReference; fileEncoding = 4; lastKnownFileType = sourcecode.swift; path = FishListView.swift; sourceTree = "<group>"; };
		99AC05C02BB2BD720046E8C5 /* FishRepositoryView.swift */ = {isa = PBXFileReference; fileEncoding = 4; lastKnownFileType = sourcecode.swift; path = FishRepositoryView.swift; sourceTree = "<group>"; };
		99AC05C22BB2BD720046E8C5 /* MainView.swift */ = {isa = PBXFileReference; fileEncoding = 4; lastKnownFileType = sourcecode.swift; path = MainView.swift; sourceTree = "<group>"; };
		99AC05C32BB2BD720046E8C5 /* Key.swift */ = {isa = PBXFileReference; fileEncoding = 4; lastKnownFileType = sourcecode.swift; path = Key.swift; sourceTree = "<group>"; };
		99AC05C42BB2BD720046E8C5 /* KeyboardShortcut.swift */ = {isa = PBXFileReference; fileEncoding = 4; lastKnownFileType = sourcecode.swift; path = KeyboardShortcut.swift; sourceTree = "<group>"; };
		99AC05C52BB2BD720046E8C5 /* KeyboardShortcutManager.swift */ = {isa = PBXFileReference; fileEncoding = 4; lastKnownFileType = sourcecode.swift; path = KeyboardShortcutManager.swift; sourceTree = "<group>"; };
		99AC05C62BB2BD720046E8C5 /* KeyboardShortcutModifier.swift */ = {isa = PBXFileReference; fileEncoding = 4; lastKnownFileType = sourcecode.swift; path = KeyboardShortcutModifier.swift; sourceTree = "<group>"; };
		99AC05C72BB2BD720046E8C5 /* KeyEvent.swift */ = {isa = PBXFileReference; fileEncoding = 4; lastKnownFileType = sourcecode.swift; path = KeyEvent.swift; sourceTree = "<group>"; };
		99AC05C92BB2BD720046E8C5 /* AppleScript.swift */ = {isa = PBXFileReference; fileEncoding = 4; lastKnownFileType = sourcecode.swift; path = AppleScript.swift; sourceTree = "<group>"; };
		99AC05CA2BB2BD720046E8C5 /* Cache.swift */ = {isa = PBXFileReference; fileEncoding = 4; lastKnownFileType = sourcecode.swift; path = Cache.swift; sourceTree = "<group>"; };
		99AC05CB2BB2BD720046E8C5 /* Configuration.swift */ = {isa = PBXFileReference; fileEncoding = 4; lastKnownFileType = sourcecode.swift; path = Configuration.swift; sourceTree = "<group>"; };
		99AC05CD2BB2BD720046E8C5 /* Functions.swift */ = {isa = PBXFileReference; fileEncoding = 4; lastKnownFileType = sourcecode.swift; path = Functions.swift; sourceTree = "<group>"; };
		99AC05CE2BB2BD720046E8C5 /* Log.swift */ = {isa = PBXFileReference; fileEncoding = 4; lastKnownFileType = sourcecode.swift; path = Log.swift; sourceTree = "<group>"; };
		99AC05CF2BB2BD720046E8C5 /* Monitor.swift */ = {isa = PBXFileReference; fileEncoding = 4; lastKnownFileType = sourcecode.swift; path = Monitor.swift; sourceTree = "<group>"; };
		99AC05D02BB2BD720046E8C5 /* Storage.swift */ = {isa = PBXFileReference; fileEncoding = 4; lastKnownFileType = sourcecode.swift; path = Storage.swift; sourceTree = "<group>"; };
		99AC05D22BB2BD720046E8C5 /* CommandBarView.swift */ = {isa = PBXFileReference; fileEncoding = 4; lastKnownFileType = sourcecode.swift; path = CommandBarView.swift; sourceTree = "<group>"; };
		99AC05D32BB2BD720046E8C5 /* CommandField.swift */ = {isa = PBXFileReference; fileEncoding = 4; lastKnownFileType = sourcecode.swift; path = CommandField.swift; sourceTree = "<group>"; };
		99AC05D42BB2BD720046E8C5 /* CommandFieldViewController.swift */ = {isa = PBXFileReference; fileEncoding = 4; lastKnownFileType = sourcecode.swift; path = CommandFieldViewController.swift; sourceTree = "<group>"; };
		99AC05D52BB2BD720046E8C5 /* CommandManager.swift */ = {isa = PBXFileReference; fileEncoding = 4; lastKnownFileType = sourcecode.swift; path = CommandManager.swift; sourceTree = "<group>"; };
		99AC05D82BB2BD720046E8C5 /* Recipe.swift */ = {isa = PBXFileReference; fileEncoding = 4; lastKnownFileType = sourcecode.swift; path = Recipe.swift; sourceTree = "<group>"; };
		99AC05D92BB2BD720046E8C5 /* RecipeItemView.swift */ = {isa = PBXFileReference; fileEncoding = 4; lastKnownFileType = sourcecode.swift; path = RecipeItemView.swift; sourceTree = "<group>"; };
		99AC05DA2BB2BD720046E8C5 /* RecipeListView.swift */ = {isa = PBXFileReference; fileEncoding = 4; lastKnownFileType = sourcecode.swift; path = RecipeListView.swift; sourceTree = "<group>"; };
		99AC05DB2BB2BD720046E8C5 /* RecipeView.swift */ = {isa = PBXFileReference; fileEncoding = 4; lastKnownFileType = sourcecode.swift; path = RecipeView.swift; sourceTree = "<group>"; };
		99AC05DD2BB2BD720046E8C5 /* WebBrowserView.swift */ = {isa = PBXFileReference; fileEncoding = 4; lastKnownFileType = sourcecode.swift; path = WebBrowserView.swift; sourceTree = "<group>"; };
		99AC05DF2BB2BD720046E8C5 /* StatusBar.swift */ = {isa = PBXFileReference; fileEncoding = 4; lastKnownFileType = sourcecode.swift; path = StatusBar.swift; sourceTree = "<group>"; };
		99AC06042BB2BE440046E8C5 /* AppDelegate.swift */ = {isa = PBXFileReference; fileEncoding = 4; lastKnownFileType = sourcecode.swift; path = AppDelegate.swift; sourceTree = "<group>"; };
		99AC06072BB2BE930046E8C5 /* Main.storyboard */ = {isa = PBXFileReference; fileEncoding = 4; lastKnownFileType = file.storyboard; path = Main.storyboard; sourceTree = "<group>"; };
		99EF7A272BF3C0EC00675CC2 /* StatsView.swift */ = {isa = PBXFileReference; lastKnownFileType = sourcecode.swift; path = StatsView.swift; sourceTree = "<group>"; };
/* End PBXFileReference section */

/* Begin PBXFrameworksBuildPhase section */
		99AC05A22BB2BCD90046E8C5 /* Frameworks */ = {
			isa = PBXFrameworksBuildPhase;
			buildActionMask = 2147483647;
			files = (
				996FEE562BC917AE0047EB82 /* Alamofire in Frameworks */,
				99AC060E2BB413C20046E8C5 /* SQLite in Frameworks */,
				99AC060B2BB413AD0046E8C5 /* SwiftyBeaver in Frameworks */,
			);
			runOnlyForDeploymentPostprocessing = 0;
		};
/* End PBXFrameworksBuildPhase section */

/* Begin PBXGroup section */
		996FEE572BF2E80B0047EB82 /* Setting */ = {
			isa = PBXGroup;
			children = (
			);
			path = Setting;
			sourceTree = "<group>";
		};
		996FEE582BF2E81A0047EB82 /* Statistics */ = {
			isa = PBXGroup;
			children = (
				99EF7A272BF3C0EC00675CC2 /* StatsView.swift */,
			);
			path = Statistics;
			sourceTree = "<group>";
		};
		99AC059C2BB2BCD90046E8C5 = {
			isa = PBXGroup;
			children = (
				99AC05A72BB2BCD90046E8C5 /* TouchFish */,
				99AC05A62BB2BCD90046E8C5 /* Products */,
			);
			sourceTree = "<group>";
		};
		99AC05A62BB2BCD90046E8C5 /* Products */ = {
			isa = PBXGroup;
			children = (
				99AC05A52BB2BCD90046E8C5 /* TouchFish.app */,
			);
			name = Products;
			sourceTree = "<group>";
		};
		99AC05A72BB2BCD90046E8C5 /* TouchFish */ = {
			isa = PBXGroup;
			children = (
				99AC05C12BB2BD720046E8C5 /* Fish */,
				99AC05DC2BB2BD720046E8C5 /* Recipe */,
				99AC05D72BB2BD720046E8C5 /* CommandBar */,
				99AC05D12BB2BD720046E8C5 /* Infrastructure */,
				996FEE572BF2E80B0047EB82 /* Setting */,
				996FEE582BF2E81A0047EB82 /* Statistics */,
				99AC05DE2BB2BD720046E8C5 /* WebBrowser */,
				99AC05B82BB2BD710046E8C5 /* AbstractView.swift */,
				99AC05C22BB2BD720046E8C5 /* MainView.swift */,
				99AC05B92BB2BD710046E8C5 /* MainWindow.swift */,
				99AC05DF2BB2BD720046E8C5 /* StatusBar.swift */,
				99AC05A82BB2BCD90046E8C5 /* TouchFishApp.swift */,
				99AC06042BB2BE440046E8C5 /* AppDelegate.swift */,
				99AC05AC2BB2BCDA0046E8C5 /* Assets.xcassets */,
				99AC06072BB2BE930046E8C5 /* Main.storyboard */,
				99AC05B12BB2BCDA0046E8C5 /* TouchFish.entitlements */,
				99AC05AE2BB2BCDA0046E8C5 /* Preview Content */,
			);
			path = TouchFish;
			sourceTree = "<group>";
		};
		99AC05AE2BB2BCDA0046E8C5 /* Preview Content */ = {
			isa = PBXGroup;
			children = (
				99AC05AF2BB2BCDA0046E8C5 /* Preview Assets.xcassets */,
			);
			path = "Preview Content";
			sourceTree = "<group>";
		};
		99AC05C12BB2BD720046E8C5 /* Fish */ = {
			isa = PBXGroup;
			children = (
				99AC05BA2BB2BD720046E8C5 /* Fish.swift */,
				99AC05BB2BB2BD720046E8C5 /* FishDetailView.swift */,
				99AC05BC2BB2BD720046E8C5 /* FishEditView.swift */,
				99AC05BD2BB2BD720046E8C5 /* FishFilterView.swift */,
				99AC05BE2BB2BD720046E8C5 /* FishListItemView.swift */,
				99AC05BF2BB2BD720046E8C5 /* FishListView.swift */,
				99AC05C02BB2BD720046E8C5 /* FishRepositoryView.swift */,
			);
			path = Fish;
			sourceTree = "<group>";
		};
		99AC05C82BB2BD720046E8C5 /* Keyboard Shortcuts */ = {
			isa = PBXGroup;
			children = (
				99AC05C32BB2BD720046E8C5 /* Key.swift */,
				99AC05C42BB2BD720046E8C5 /* KeyboardShortcut.swift */,
				99AC05C52BB2BD720046E8C5 /* KeyboardShortcutManager.swift */,
				99AC05C62BB2BD720046E8C5 /* KeyboardShortcutModifier.swift */,
				99AC05C72BB2BD720046E8C5 /* KeyEvent.swift */,
			);
			path = "Keyboard Shortcuts";
			sourceTree = "<group>";
		};
		99AC05D12BB2BD720046E8C5 /* Infrastructure */ = {
			isa = PBXGroup;
			children = (
				99AC05C82BB2BD720046E8C5 /* Keyboard Shortcuts */,
				99AC05C92BB2BD720046E8C5 /* AppleScript.swift */,
				99AC05CA2BB2BD720046E8C5 /* Cache.swift */,
				99AC05CB2BB2BD720046E8C5 /* Configuration.swift */,
				99AC05CD2BB2BD720046E8C5 /* Functions.swift */,
				99AC05CE2BB2BD720046E8C5 /* Log.swift */,
				99AC05CF2BB2BD720046E8C5 /* Monitor.swift */,
				99AC05D02BB2BD720046E8C5 /* Storage.swift */,
				996FEE482BC3E2E50047EB82 /* DataService.swift */,
			);
			path = Infrastructure;
			sourceTree = "<group>";
		};
		99AC05D72BB2BD720046E8C5 /* CommandBar */ = {
			isa = PBXGroup;
			children = (
				99AC05D22BB2BD720046E8C5 /* CommandBarView.swift */,
				99AC05D32BB2BD720046E8C5 /* CommandField.swift */,
				99AC05D42BB2BD720046E8C5 /* CommandFieldViewController.swift */,
				99AC05D52BB2BD720046E8C5 /* CommandManager.swift */,
			);
			path = CommandBar;
			sourceTree = "<group>";
		};
		99AC05DC2BB2BD720046E8C5 /* Recipe */ = {
			isa = PBXGroup;
			children = (
				99AC05D82BB2BD720046E8C5 /* Recipe.swift */,
				99AC05D92BB2BD720046E8C5 /* RecipeItemView.swift */,
				99AC05DA2BB2BD720046E8C5 /* RecipeListView.swift */,
				99AC05DB2BB2BD720046E8C5 /* RecipeView.swift */,
			);
			path = Recipe;
			sourceTree = "<group>";
		};
		99AC05DE2BB2BD720046E8C5 /* WebBrowser */ = {
			isa = PBXGroup;
			children = (
				99AC05DD2BB2BD720046E8C5 /* WebBrowserView.swift */,
			);
			path = WebBrowser;
			sourceTree = "<group>";
		};
/* End PBXGroup section */

/* Begin PBXNativeTarget section */
		99AC05A42BB2BCD90046E8C5 /* TouchFish */ = {
			isa = PBXNativeTarget;
			buildConfigurationList = 99AC05B42BB2BCDA0046E8C5 /* Build configuration list for PBXNativeTarget "TouchFish" */;
			buildPhases = (
				99AC05A12BB2BCD90046E8C5 /* Sources */,
				99AC05A22BB2BCD90046E8C5 /* Frameworks */,
				99AC05A32BB2BCD90046E8C5 /* Resources */,
			);
			buildRules = (
			);
			dependencies = (
			);
			name = TouchFish;
			packageProductDependencies = (
				99AC060A2BB413AD0046E8C5 /* SwiftyBeaver */,
				99AC060D2BB413C20046E8C5 /* SQLite */,
				996FEE552BC917AE0047EB82 /* Alamofire */,
			);
			productName = TouchFish;
			productReference = 99AC05A52BB2BCD90046E8C5 /* TouchFish.app */;
			productType = "com.apple.product-type.application";
		};
/* End PBXNativeTarget section */

/* Begin PBXProject section */
		99AC059D2BB2BCD90046E8C5 /* Project object */ = {
			isa = PBXProject;
			attributes = {
				BuildIndependentTargetsInParallel = 1;
				LastSwiftUpdateCheck = 1530;
				LastUpgradeCheck = 1530;
				TargetAttributes = {
					99AC05A42BB2BCD90046E8C5 = {
						CreatedOnToolsVersion = 15.3;
					};
				};
			};
			buildConfigurationList = 99AC05A02BB2BCD90046E8C5 /* Build configuration list for PBXProject "TouchFish" */;
			compatibilityVersion = "Xcode 14.0";
			developmentRegion = en;
			hasScannedForEncodings = 0;
			knownRegions = (
				en,
				Base,
			);
			mainGroup = 99AC059C2BB2BCD90046E8C5;
			packageReferences = (
				99AC06092BB413AD0046E8C5 /* XCRemoteSwiftPackageReference "SwiftyBeaver" */,
				99AC060C2BB413C20046E8C5 /* XCRemoteSwiftPackageReference "SQLite" */,
				996FEE542BC917AE0047EB82 /* XCRemoteSwiftPackageReference "Alamofire" */,
			);
			productRefGroup = 99AC05A62BB2BCD90046E8C5 /* Products */;
			projectDirPath = "";
			projectRoot = "";
			targets = (
				99AC05A42BB2BCD90046E8C5 /* TouchFish */,
			);
		};
/* End PBXProject section */

/* Begin PBXResourcesBuildPhase section */
		99AC05A32BB2BCD90046E8C5 /* Resources */ = {
			isa = PBXResourcesBuildPhase;
			buildActionMask = 2147483647;
			files = (
				99AC06082BB2BE930046E8C5 /* Main.storyboard in Resources */,
				99AC05B02BB2BCDA0046E8C5 /* Preview Assets.xcassets in Resources */,
				99AC05AD2BB2BCDA0046E8C5 /* Assets.xcassets in Resources */,
			);
			runOnlyForDeploymentPostprocessing = 0;
		};
/* End PBXResourcesBuildPhase section */

/* Begin PBXSourcesBuildPhase section */
		99AC05A12BB2BCD90046E8C5 /* Sources */ = {
			isa = PBXSourcesBuildPhase;
			buildActionMask = 2147483647;
			files = (
				99AC05E32BB2BD720046E8C5 /* Fish.swift in Sources */,
				99AC05FF2BB2BD720046E8C5 /* RecipeListView.swift in Sources */,
				99AC05F52BB2BD720046E8C5 /* Log.swift in Sources */,
				99AC06022BB2BD720046E8C5 /* StatusBar.swift in Sources */,
				99AC05FA2BB2BD720046E8C5 /* CommandFieldViewController.swift in Sources */,
				99AC05EA2BB2BD720046E8C5 /* MainView.swift in Sources */,
				99AC06002BB2BD720046E8C5 /* RecipeView.swift in Sources */,
				99AC05E52BB2BD720046E8C5 /* FishEditView.swift in Sources */,
				99EF7A282BF3C0EC00675CC2 /* StatsView.swift in Sources */,
				99AC05EB2BB2BD720046E8C5 /* Key.swift in Sources */,
				99AC05F92BB2BD720046E8C5 /* CommandField.swift in Sources */,
				99AC06052BB2BE440046E8C5 /* AppDelegate.swift in Sources */,
				99AC05EF2BB2BD720046E8C5 /* KeyEvent.swift in Sources */,
				99AC05ED2BB2BD720046E8C5 /* KeyboardShortcutManager.swift in Sources */,
				99AC05EE2BB2BD720046E8C5 /* KeyboardShortcutModifier.swift in Sources */,
				99AC05FD2BB2BD720046E8C5 /* Recipe.swift in Sources */,
				99AC05F72BB2BD720046E8C5 /* Storage.swift in Sources */,
				99AC05F82BB2BD720046E8C5 /* CommandBarView.swift in Sources */,
				99AC05E62BB2BD720046E8C5 /* FishFilterView.swift in Sources */,
				99AC05FB2BB2BD720046E8C5 /* CommandManager.swift in Sources */,
				996FEE492BC3E2E50047EB82 /* DataService.swift in Sources */,
				99AC06012BB2BD720046E8C5 /* WebBrowserView.swift in Sources */,
				99AC05E42BB2BD720046E8C5 /* FishDetailView.swift in Sources */,
				99AC05E82BB2BD720046E8C5 /* FishListView.swift in Sources */,
				99AC05E22BB2BD720046E8C5 /* MainWindow.swift in Sources */,
				99AC05F12BB2BD720046E8C5 /* Cache.swift in Sources */,
				99AC05EC2BB2BD720046E8C5 /* KeyboardShortcut.swift in Sources */,
				99AC05A92BB2BCD90046E8C5 /* TouchFishApp.swift in Sources */,
				99AC05F62BB2BD720046E8C5 /* Monitor.swift in Sources */,
				99AC05F42BB2BD720046E8C5 /* Functions.swift in Sources */,
				99AC05FE2BB2BD720046E8C5 /* RecipeItemView.swift in Sources */,
				99AC05E12BB2BD720046E8C5 /* AbstractView.swift in Sources */,
				99AC05E72BB2BD720046E8C5 /* FishListItemView.swift in Sources */,
				99AC05F22BB2BD720046E8C5 /* Configuration.swift in Sources */,
				99AC05E92BB2BD720046E8C5 /* FishRepositoryView.swift in Sources */,
				99AC05F02BB2BD720046E8C5 /* AppleScript.swift in Sources */,
			);
			runOnlyForDeploymentPostprocessing = 0;
		};
/* End PBXSourcesBuildPhase section */

/* Begin XCBuildConfiguration section */
		99AC05B22BB2BCDA0046E8C5 /* Debug */ = {
			isa = XCBuildConfiguration;
			buildSettings = {
				ALWAYS_SEARCH_USER_PATHS = NO;
				ASSETCATALOG_COMPILER_GENERATE_SWIFT_ASSET_SYMBOL_EXTENSIONS = YES;
				CLANG_ANALYZER_NONNULL = YES;
				CLANG_ANALYZER_NUMBER_OBJECT_CONVERSION = YES_AGGRESSIVE;
				CLANG_CXX_LANGUAGE_STANDARD = "gnu++20";
				CLANG_ENABLE_MODULES = YES;
				CLANG_ENABLE_OBJC_ARC = YES;
				CLANG_ENABLE_OBJC_WEAK = YES;
				CLANG_WARN_BLOCK_CAPTURE_AUTORELEASING = YES;
				CLANG_WARN_BOOL_CONVERSION = YES;
				CLANG_WARN_COMMA = YES;
				CLANG_WARN_CONSTANT_CONVERSION = YES;
				CLANG_WARN_DEPRECATED_OBJC_IMPLEMENTATIONS = YES;
				CLANG_WARN_DIRECT_OBJC_ISA_USAGE = YES_ERROR;
				CLANG_WARN_DOCUMENTATION_COMMENTS = YES;
				CLANG_WARN_EMPTY_BODY = YES;
				CLANG_WARN_ENUM_CONVERSION = YES;
				CLANG_WARN_INFINITE_RECURSION = YES;
				CLANG_WARN_INT_CONVERSION = YES;
				CLANG_WARN_NON_LITERAL_NULL_CONVERSION = YES;
				CLANG_WARN_OBJC_IMPLICIT_RETAIN_SELF = YES;
				CLANG_WARN_OBJC_LITERAL_CONVERSION = YES;
				CLANG_WARN_OBJC_ROOT_CLASS = YES_ERROR;
				CLANG_WARN_QUOTED_INCLUDE_IN_FRAMEWORK_HEADER = YES;
				CLANG_WARN_RANGE_LOOP_ANALYSIS = YES;
				CLANG_WARN_STRICT_PROTOTYPES = YES;
				CLANG_WARN_SUSPICIOUS_MOVE = YES;
				CLANG_WARN_UNGUARDED_AVAILABILITY = YES_AGGRESSIVE;
				CLANG_WARN_UNREACHABLE_CODE = YES;
				CLANG_WARN__DUPLICATE_METHOD_MATCH = YES;
				COPY_PHASE_STRIP = NO;
				DEBUG_INFORMATION_FORMAT = dwarf;
				ENABLE_STRICT_OBJC_MSGSEND = YES;
				ENABLE_TESTABILITY = YES;
				ENABLE_USER_SCRIPT_SANDBOXING = YES;
				GCC_C_LANGUAGE_STANDARD = gnu17;
				GCC_DYNAMIC_NO_PIC = NO;
				GCC_NO_COMMON_BLOCKS = YES;
				GCC_OPTIMIZATION_LEVEL = 0;
				GCC_PREPROCESSOR_DEFINITIONS = (
					"DEBUG=1",
					"$(inherited)",
				);
				GCC_WARN_64_TO_32_BIT_CONVERSION = YES;
				GCC_WARN_ABOUT_RETURN_TYPE = YES_ERROR;
				GCC_WARN_UNDECLARED_SELECTOR = YES;
				GCC_WARN_UNINITIALIZED_AUTOS = YES_AGGRESSIVE;
				GCC_WARN_UNUSED_FUNCTION = YES;
				GCC_WARN_UNUSED_VARIABLE = YES;
				LOCALIZATION_PREFERS_STRING_CATALOGS = YES;
				MACOSX_DEPLOYMENT_TARGET = 14.4;
				MTL_ENABLE_DEBUG_INFO = INCLUDE_SOURCE;
				MTL_FAST_MATH = YES;
				ONLY_ACTIVE_ARCH = YES;
				SDKROOT = macosx;
				SWIFT_ACTIVE_COMPILATION_CONDITIONS = "DEBUG $(inherited)";
				SWIFT_OPTIMIZATION_LEVEL = "-Onone";
			};
			name = Debug;
		};
		99AC05B32BB2BCDA0046E8C5 /* Release */ = {
			isa = XCBuildConfiguration;
			buildSettings = {
				ALWAYS_SEARCH_USER_PATHS = NO;
				ASSETCATALOG_COMPILER_GENERATE_SWIFT_ASSET_SYMBOL_EXTENSIONS = YES;
				CLANG_ANALYZER_NONNULL = YES;
				CLANG_ANALYZER_NUMBER_OBJECT_CONVERSION = YES_AGGRESSIVE;
				CLANG_CXX_LANGUAGE_STANDARD = "gnu++20";
				CLANG_ENABLE_MODULES = YES;
				CLANG_ENABLE_OBJC_ARC = YES;
				CLANG_ENABLE_OBJC_WEAK = YES;
				CLANG_WARN_BLOCK_CAPTURE_AUTORELEASING = YES;
				CLANG_WARN_BOOL_CONVERSION = YES;
				CLANG_WARN_COMMA = YES;
				CLANG_WARN_CONSTANT_CONVERSION = YES;
				CLANG_WARN_DEPRECATED_OBJC_IMPLEMENTATIONS = YES;
				CLANG_WARN_DIRECT_OBJC_ISA_USAGE = YES_ERROR;
				CLANG_WARN_DOCUMENTATION_COMMENTS = YES;
				CLANG_WARN_EMPTY_BODY = YES;
				CLANG_WARN_ENUM_CONVERSION = YES;
				CLANG_WARN_INFINITE_RECURSION = YES;
				CLANG_WARN_INT_CONVERSION = YES;
				CLANG_WARN_NON_LITERAL_NULL_CONVERSION = YES;
				CLANG_WARN_OBJC_IMPLICIT_RETAIN_SELF = YES;
				CLANG_WARN_OBJC_LITERAL_CONVERSION = YES;
				CLANG_WARN_OBJC_ROOT_CLASS = YES_ERROR;
				CLANG_WARN_QUOTED_INCLUDE_IN_FRAMEWORK_HEADER = YES;
				CLANG_WARN_RANGE_LOOP_ANALYSIS = YES;
				CLANG_WARN_STRICT_PROTOTYPES = YES;
				CLANG_WARN_SUSPICIOUS_MOVE = YES;
				CLANG_WARN_UNGUARDED_AVAILABILITY = YES_AGGRESSIVE;
				CLANG_WARN_UNREACHABLE_CODE = YES;
				CLANG_WARN__DUPLICATE_METHOD_MATCH = YES;
				COPY_PHASE_STRIP = NO;
				DEBUG_INFORMATION_FORMAT = "dwarf-with-dsym";
				ENABLE_NS_ASSERTIONS = NO;
				ENABLE_STRICT_OBJC_MSGSEND = YES;
				ENABLE_USER_SCRIPT_SANDBOXING = YES;
				GCC_C_LANGUAGE_STANDARD = gnu17;
				GCC_NO_COMMON_BLOCKS = YES;
				GCC_WARN_64_TO_32_BIT_CONVERSION = YES;
				GCC_WARN_ABOUT_RETURN_TYPE = YES_ERROR;
				GCC_WARN_UNDECLARED_SELECTOR = YES;
				GCC_WARN_UNINITIALIZED_AUTOS = YES_AGGRESSIVE;
				GCC_WARN_UNUSED_FUNCTION = YES;
				GCC_WARN_UNUSED_VARIABLE = YES;
				LOCALIZATION_PREFERS_STRING_CATALOGS = YES;
				MACOSX_DEPLOYMENT_TARGET = 14.4;
				MTL_ENABLE_DEBUG_INFO = NO;
				MTL_FAST_MATH = YES;
				SDKROOT = macosx;
				SWIFT_COMPILATION_MODE = wholemodule;
			};
			name = Release;
		};
		99AC05B52BB2BCDA0046E8C5 /* Debug */ = {
			isa = XCBuildConfiguration;
			buildSettings = {
				ASSETCATALOG_COMPILER_APPICON_NAME = AppIcon;
				ASSETCATALOG_COMPILER_GLOBAL_ACCENT_COLOR_NAME = AccentColor;
				CODE_SIGN_ENTITLEMENTS = TouchFish/TouchFish.entitlements;
				CODE_SIGN_STYLE = Automatic;
				COMBINE_HIDPI_IMAGES = YES;
				CURRENT_PROJECT_VERSION = 1;
				DEVELOPMENT_ASSET_PATHS = "\"TouchFish/Preview Content\"";
				DEVELOPMENT_TEAM = B47VX7MQQ4;
				ENABLE_HARDENED_RUNTIME = YES;
				ENABLE_PREVIEWS = YES;
				GENERATE_INFOPLIST_FILE = YES;
				INFOPLIST_KEY_LSUIElement = YES;
				INFOPLIST_KEY_NSHumanReadableCopyright = "";
				INFOPLIST_KEY_NSMainStoryboardFile = Main;
				INFOPLIST_KEY_NSPrincipalClass = NSApplication;
				LD_RUNPATH_SEARCH_PATHS = (
					"$(inherited)",
					"@executable_path/../Frameworks",
				);
				MACOSX_DEPLOYMENT_TARGET = 14.4;
				MARKETING_VERSION = 1.0;
				PRODUCT_BUNDLE_IDENTIFIER = com.yzjsswk.TouchFish;
				PRODUCT_NAME = "$(TARGET_NAME)";
				SWIFT_EMIT_LOC_STRINGS = YES;
				SWIFT_VERSION = 5.0;
			};
			name = Debug;
		};
		99AC05B62BB2BCDA0046E8C5 /* Release */ = {
			isa = XCBuildConfiguration;
			buildSettings = {
				ASSETCATALOG_COMPILER_APPICON_NAME = AppIcon;
				ASSETCATALOG_COMPILER_GLOBAL_ACCENT_COLOR_NAME = AccentColor;
				CODE_SIGN_ENTITLEMENTS = TouchFish/TouchFish.entitlements;
				CODE_SIGN_STYLE = Automatic;
				COMBINE_HIDPI_IMAGES = YES;
				CURRENT_PROJECT_VERSION = 1;
				DEVELOPMENT_ASSET_PATHS = "\"TouchFish/Preview Content\"";
				DEVELOPMENT_TEAM = B47VX7MQQ4;
				ENABLE_HARDENED_RUNTIME = YES;
				ENABLE_PREVIEWS = YES;
				GENERATE_INFOPLIST_FILE = YES;
				INFOPLIST_KEY_LSUIElement = YES;
				INFOPLIST_KEY_NSHumanReadableCopyright = "";
				INFOPLIST_KEY_NSMainStoryboardFile = Main;
				INFOPLIST_KEY_NSPrincipalClass = NSApplication;
				LD_RUNPATH_SEARCH_PATHS = (
					"$(inherited)",
					"@executable_path/../Frameworks",
				);
				MACOSX_DEPLOYMENT_TARGET = 14.4;
				MARKETING_VERSION = 1.0;
				PRODUCT_BUNDLE_IDENTIFIER = com.yzjsswk.TouchFish;
				PRODUCT_NAME = "$(TARGET_NAME)";
				SWIFT_EMIT_LOC_STRINGS = YES;
				SWIFT_VERSION = 5.0;
			};
			name = Release;
		};
/* End XCBuildConfiguration section */

/* Begin XCConfigurationList section */
		99AC05A02BB2BCD90046E8C5 /* Build configuration list for PBXProject "TouchFish" */ = {
			isa = XCConfigurationList;
			buildConfigurations = (
				99AC05B22BB2BCDA0046E8C5 /* Debug */,
				99AC05B32BB2BCDA0046E8C5 /* Release */,
			);
			defaultConfigurationIsVisible = 0;
			defaultConfigurationName = Release;
		};
		99AC05B42BB2BCDA0046E8C5 /* Build configuration list for PBXNativeTarget "TouchFish" */ = {
			isa = XCConfigurationList;
			buildConfigurations = (
				99AC05B52BB2BCDA0046E8C5 /* Debug */,
				99AC05B62BB2BCDA0046E8C5 /* Release */,
			);
			defaultConfigurationIsVisible = 0;
			defaultConfigurationName = Release;
		};
/* End XCConfigurationList section */

/* Begin XCRemoteSwiftPackageReference section */
		996FEE542BC917AE0047EB82 /* XCRemoteSwiftPackageReference "Alamofire" */ = {
			isa = XCRemoteSwiftPackageReference;
			repositoryURL = "https://github.com/Alamofire/Alamofire.git";
			requirement = {
				kind = upToNextMajorVersion;
				minimumVersion = 5.9.1;
			};
		};
		99AC06092BB413AD0046E8C5 /* XCRemoteSwiftPackageReference "SwiftyBeaver" */ = {
			isa = XCRemoteSwiftPackageReference;
			repositoryURL = "https://github.com/SwiftyBeaver/SwiftyBeaver";
			requirement = {
				kind = upToNextMajorVersion;
				minimumVersion = 2.0.0;
			};
		};
		99AC060C2BB413C20046E8C5 /* XCRemoteSwiftPackageReference "SQLite" */ = {
			isa = XCRemoteSwiftPackageReference;
			repositoryURL = "https://github.com/stephencelis/SQLite.swift";
			requirement = {
				kind = upToNextMajorVersion;
				minimumVersion = 0.15.0;
			};
		};
/* End XCRemoteSwiftPackageReference section */

/* Begin XCSwiftPackageProductDependency section */
		996FEE552BC917AE0047EB82 /* Alamofire */ = {
			isa = XCSwiftPackageProductDependency;
			package = 996FEE542BC917AE0047EB82 /* XCRemoteSwiftPackageReference "Alamofire" */;
			productName = Alamofire;
		};
		99AC060A2BB413AD0046E8C5 /* SwiftyBeaver */ = {
			isa = XCSwiftPackageProductDependency;
			package = 99AC06092BB413AD0046E8C5 /* XCRemoteSwiftPackageReference "SwiftyBeaver" */;
			productName = SwiftyBeaver;
		};
		99AC060D2BB413C20046E8C5 /* SQLite */ = {
			isa = XCSwiftPackageProductDependency;
			package = 99AC060C2BB413C20046E8C5 /* XCRemoteSwiftPackageReference "SQLite" */;
			productName = SQLite;
		};
/* End XCSwiftPackageProductDependency section */
	};
	rootObject = 99AC059D2BB2BCD90046E8C5 /* Project object */;
}
